
Microsoft Visual Studio Solution File, Format Version 12.00
# Visual Studio Version 17
VisualStudioVersion = 17.11.35312.102
MinimumVisualStudioVersion = 10.0.40219.1
Project("{FAE04EC0-301F-11D3-BF4B-00C04F79EFBC}") = "FinalOdevApp", "FinalOdevApp\FinalOdevApp.csproj", "{233D12E3-95D6-4407-90C7-C954D3C9AE36}"
EndProject
Project("{FAE04EC0-301F-11D3-BF4B-00C04F79EFBC}") = "ErayApp", "ErayApp\ErayApp.csproj", "{7568FBDF-6969-4B14-A4D4-C3A86C211183}"
EndProject
Global
	GlobalSection(SolutionConfigurationPlatforms) = preSolution
		Debug|Any CPU = Debug|Any CPU
		Release|Any CPU = Release|Any CPU
	EndGlobalSection
	GlobalSection(ProjectConfigurationPlatforms) = postSolution
		{233D12E3-95D6-4407-90C7-C954D3C9AE36}.Debug|Any CPU.ActiveCfg = Debug|Any CPU
		{233D12E3-95D6-4407-90C7-C954D3C9AE36}.Debug|Any CPU.Build.0 = Debug|Any CPU
		{233D12E3-95D6-4407-90C7-C954D3C9AE36}.Release|Any CPU.ActiveCfg = Release|Any CPU
		{233D12E3-95D6-4407-90C7-C954D3C9AE36}.Release|Any CPU.Build.0 = Release|Any CPU
		{7568FBDF-6969-4B14-A4D4-C3A86C211183}.Debug|Any CPU.ActiveCfg = Debug|Any CPU
		{7568FBDF-6969-4B14-A4D4-C3A86C211183}.Debug|Any CPU.Build.0 = Debug|Any CPU
		{7568FBDF-6969-4B14-A4D4-C3A86C211183}.Release|Any CPU.ActiveCfg = Release|Any CPU
		{7568FBDF-6969-4B14-A4D4-C3A86C211183}.Release|Any CPU.Build.0 = Release|Any CPU
	EndGlobalSection
	GlobalSection(SolutionProperties) = preSolution
		HideSolutionNode = FALSE
	EndGlobalSection
	GlobalSection(ExtensibilityGlobals) = postSolution
		SolutionGuid = {EFC867DA-627D-4339-9CBE-2B9B13D35C85}
	EndGlobalSection
EndGlobal
